
Microsoft Visual Studio Solution File, Format Version 12.00
# Visual Studio Version 17
VisualStudioVersion = 17.3.32929.385
MinimumVisualStudioVersion = 10.0.40219.1
Project("{FAE04EC0-301F-11D3-BF4B-00C04F79EFBC}") = "ServiceBus.Listener.App", "ServiceBus.Listener.App\ServiceBus.Listener.App.csproj", "{C57544E4-9D25-46D9-8704-9FEA83044F6F}"
EndProject
Global
	GlobalSection(SolutionConfigurationPlatforms) = preSolution
		Debug|Any CPU = Debug|Any CPU
		Release|Any CPU = Release|Any CPU
	EndGlobalSection
	GlobalSection(ProjectConfigurationPlatforms) = postSolution
		{C57544E4-9D25-46D9-8704-9FEA83044F6F}.Debug|Any CPU.ActiveCfg = Debug|Any CPU
		{C57544E4-9D25-46D9-8704-9FEA83044F6F}.Debug|Any CPU.Build.0 = Debug|Any CPU
		{C57544E4-9D25-46D9-8704-9FEA83044F6F}.Release|Any CPU.ActiveCfg = Release|Any CPU
		{C57544E4-9D25-46D9-8704-9FEA83044F6F}.Release|Any CPU.Build.0 = Release|Any CPU
	EndGlobalSection
	GlobalSection(SolutionProperties) = preSolution
		HideSolutionNode = FALSE
	EndGlobalSection
	GlobalSection(ExtensibilityGlobals) = postSolution
		SolutionGuid = {43522D56-559E-4D89-AB35-ECFCEEBE80DF}
	EndGlobalSection
EndGlobal
